
Microsoft Visual Studio Solution File, Format Version 12.00
# Visual Studio Version 16
VisualStudioVersion = 16.0.30413.136
MinimumVisualStudioVersion = 10.0.40219.1
Project("{FAE04EC0-301F-11D3-BF4B-00C04F79EFBC}") = "OrderProcessing", "OrderProcessing\OrderProcessing.csproj", "{7236EF68-1BDA-4625-A091-CE494D881ABD}"
EndProject
Project("{FAE04EC0-301F-11D3-BF4B-00C04F79EFBC}") = "OrderProcessingTests", "OrderProcessingTests\OrderProcessingTests.csproj", "{A7277287-BFF1-4F4A-9232-8B756E13617D}"
EndProject
Global
	GlobalSection(SolutionConfigurationPlatforms) = preSolution
		Debug|Any CPU = Debug|Any CPU
		Release|Any CPU = Release|Any CPU
	EndGlobalSection
	GlobalSection(ProjectConfigurationPlatforms) = postSolution
		{7236EF68-1BDA-4625-A091-CE494D881ABD}.Debug|Any CPU.ActiveCfg = Debug|Any CPU
		{7236EF68-1BDA-4625-A091-CE494D881ABD}.Debug|Any CPU.Build.0 = Debug|Any CPU
		{7236EF68-1BDA-4625-A091-CE494D881ABD}.Release|Any CPU.ActiveCfg = Release|Any CPU
		{7236EF68-1BDA-4625-A091-CE494D881ABD}.Release|Any CPU.Build.0 = Release|Any CPU
		{A7277287-BFF1-4F4A-9232-8B756E13617D}.Debug|Any CPU.ActiveCfg = Debug|Any CPU
		{A7277287-BFF1-4F4A-9232-8B756E13617D}.Debug|Any CPU.Build.0 = Debug|Any CPU
		{A7277287-BFF1-4F4A-9232-8B756E13617D}.Release|Any CPU.ActiveCfg = Release|Any CPU
		{A7277287-BFF1-4F4A-9232-8B756E13617D}.Release|Any CPU.Build.0 = Release|Any CPU
	EndGlobalSection
	GlobalSection(SolutionProperties) = preSolution
		HideSolutionNode = FALSE
	EndGlobalSection
	GlobalSection(ExtensibilityGlobals) = postSolution
		SolutionGuid = {72D315E8-5A11-4C05-9EC6-3539C7FE98C1}
	EndGlobalSection
EndGlobal
